{
  "originHash" : "fd88a1e3da8a766d1da32e30f7fdcd79938a8fcb4390c982f35c87387f208bcd",
  "pins" : [
    {
      "identity" : "mcemojipicker",
      "kind" : "remoteSourceControl",
      "location" : "https://github.com/izyumkin/MCEmojiPicker",
      "state" : {
        "revision" : "e0b4903b75ae1cc418d276d84d1cb946b8a1d73c",
        "version" : "1.2.3"
      }
    },
    {
      "identity" : "pinnedscrollview",
      "kind" : "remoteSourceControl",
      "location" : "https://github.com/Lumisilk/PinnedScrollView.git",
      "state" : {
        "revision" : "cf8311e65c12b8a6991c83cb5e98a804cd232231",
        "version" : "1.0.0"
      }
    }
  ],
  "version" : 3
}
