{
  "originHash" : "76259a9f3b98aee30e59ed8b19830ff16db9787e6ffe5cbe189118f5a1ac2f74",
  "pins" : [
    {
      "identity" : "mcemojipicker",
      "kind" : "remoteSourceControl",
      "location" : "https://github.com/izyumkin/MCEmojiPicker",
      "state" : {
        "revision" : "e0b4903b75ae1cc418d276d84d1cb946b8a1d73c",
        "version" : "1.2.3"
      }
    },
    {
      "identity" : "pinnedscrollview",
      "kind" : "remoteSourceControl",
      "location" : "https://github.com/Lumisilk/PinnedScrollView.git",
      "state" : {
        "revision" : "cf8311e65c12b8a6991c83cb5e98a804cd232231",
        "version" : "1.0.0"
      }
    },
    {
      "identity" : "waterfallgrid",
      "kind" : "remoteSourceControl",
      "location" : "https://github.com/paololeonardi/WaterfallGrid.git",
      "state" : {
        "revision" : "944aa82832ed5a9eaaf50862cdd53e3c10ab55eb",
        "version" : "1.0.1"
      }
    }
  ],
  "version" : 3
}
